github.com/dslipak/pdf v0.0.2 h1:djAvcM5neg9Ush+zR6QXB+VMJzR6TdnX766HPIg1JmI=
github.com/dslipak/pdf v0.0.2/go.mod h1:2L3SnkI9cQwnAS9gfPz2iUoLC0rUZwbucpbKi5R1mUo=
golang.org/x/net v0.56.0 h1:Rw8j/hFzGvJUZwNBXnAtf5sVDVt+65SK2C7IxCxZt5o=
golang.org/x/net v0.56.0/go.mod h1:D3Ku6r+V6JROoZK144D2XfMHFcMq/0zSfLelVTCFKec=
